
Microsoft Visual Studio Solution File, Format Version 12.00
# Visual Studio Version 17
VisualStudioVersion = 17.0.32014.148
MinimumVisualStudioVersion = 10.0.40219.1
Project("{FAE04EC0-301F-11D3-BF4B-00C04F79EFBC}") = "MoiseevLab1", "MoiseevLab1\MoiseevLab1.csproj", "{BB7B7AE3-F538-43BA-A62C-F5959CEEC651}"
EndProject
Project("{FAE04EC0-301F-11D3-BF4B-00C04F79EFBC}") = "CurrencyExchangeLab2", "CurrencyExchangeLab2\CurrencyExchangeLab2.csproj", "{AB37DB3A-F52C-494A-9F55-500B5BD851F9}"
EndProject
Project("{FAE04EC0-301F-11D3-BF4B-00C04F79EFBC}") = "ElementaryCellularAutomaton", "ElementaryCellularAutomaton\ElementaryCellularAutomaton.csproj", "{6DC6A8D7-9877-4BA2-AC50-6CED96E99AA0}"
EndProject
Project("{FAE04EC0-301F-11D3-BF4B-00C04F79EFBC}") = "GameOfLife", "GameOfLife\GameOfLife.csproj", "{27F30056-4946-4351-AFAF-F2C0D9304A02}"
EndProject
Project("{FAE04EC0-301F-11D3-BF4B-00C04F79EFBC}") = "AutomaticParkingSystem", "AutomaticParkingSystem\AutomaticParkingSystem.csproj", "{AF0B1C26-3311-4B63-9C5E-32D5FFBBE621}"
EndProject
Project("{FAE04EC0-301F-11D3-BF4B-00C04F79EFBC}") = "RandomEventsLab8", "RandomEventsLab8\RandomEventsLab8.csproj", "{EFBFF2F0-FEB2-49ED-A0CB-73310D56C7B2}"
EndProject
Global
	GlobalSection(SolutionConfigurationPlatforms) = preSolution
		Debug|Any CPU = Debug|Any CPU
		Release|Any CPU = Release|Any CPU
	EndGlobalSection
	GlobalSection(ProjectConfigurationPlatforms) = postSolution
		{BB7B7AE3-F538-43BA-A62C-F5959CEEC651}.Debug|Any CPU.ActiveCfg = Debug|Any CPU
		{BB7B7AE3-F538-43BA-A62C-F5959CEEC651}.Debug|Any CPU.Build.0 = Debug|Any CPU
		{BB7B7AE3-F538-43BA-A62C-F5959CEEC651}.Release|Any CPU.ActiveCfg = Release|Any CPU
		{BB7B7AE3-F538-43BA-A62C-F5959CEEC651}.Release|Any CPU.Build.0 = Release|Any CPU
		{AB37DB3A-F52C-494A-9F55-500B5BD851F9}.Debug|Any CPU.ActiveCfg = Debug|Any CPU
		{AB37DB3A-F52C-494A-9F55-500B5BD851F9}.Debug|Any CPU.Build.0 = Debug|Any CPU
		{AB37DB3A-F52C-494A-9F55-500B5BD851F9}.Release|Any CPU.ActiveCfg = Release|Any CPU
		{AB37DB3A-F52C-494A-9F55-500B5BD851F9}.Release|Any CPU.Build.0 = Release|Any CPU
		{6DC6A8D7-9877-4BA2-AC50-6CED96E99AA0}.Debug|Any CPU.ActiveCfg = Debug|Any CPU
		{6DC6A8D7-9877-4BA2-AC50-6CED96E99AA0}.Debug|Any CPU.Build.0 = Debug|Any CPU
		{6DC6A8D7-9877-4BA2-AC50-6CED96E99AA0}.Release|Any CPU.ActiveCfg = Release|Any CPU
		{6DC6A8D7-9877-4BA2-AC50-6CED96E99AA0}.Release|Any CPU.Build.0 = Release|Any CPU
		{27F30056-4946-4351-AFAF-F2C0D9304A02}.Debug|Any CPU.ActiveCfg = Debug|Any CPU
		{27F30056-4946-4351-AFAF-F2C0D9304A02}.Debug|Any CPU.Build.0 = Debug|Any CPU
		{27F30056-4946-4351-AFAF-F2C0D9304A02}.Release|Any CPU.ActiveCfg = Release|Any CPU
		{27F30056-4946-4351-AFAF-F2C0D9304A02}.Release|Any CPU.Build.0 = Release|Any CPU
		{AF0B1C26-3311-4B63-9C5E-32D5FFBBE621}.Debug|Any CPU.ActiveCfg = Debug|Any CPU
		{AF0B1C26-3311-4B63-9C5E-32D5FFBBE621}.Debug|Any CPU.Build.0 = Debug|Any CPU
		{AF0B1C26-3311-4B63-9C5E-32D5FFBBE621}.Release|Any CPU.ActiveCfg = Release|Any CPU
		{AF0B1C26-3311-4B63-9C5E-32D5FFBBE621}.Release|Any CPU.Build.0 = Release|Any CPU
		{EFBFF2F0-FEB2-49ED-A0CB-73310D56C7B2}.Debug|Any CPU.ActiveCfg = Debug|Any CPU
		{EFBFF2F0-FEB2-49ED-A0CB-73310D56C7B2}.Debug|Any CPU.Build.0 = Debug|Any CPU
		{EFBFF2F0-FEB2-49ED-A0CB-73310D56C7B2}.Release|Any CPU.ActiveCfg = Release|Any CPU
		{EFBFF2F0-FEB2-49ED-A0CB-73310D56C7B2}.Release|Any CPU.Build.0 = Release|Any CPU
	EndGlobalSection
	GlobalSection(SolutionProperties) = preSolution
		HideSolutionNode = FALSE
	EndGlobalSection
	GlobalSection(ExtensibilityGlobals) = postSolution
		SolutionGuid = {70A5C6AB-21F5-45DB-86E8-EF8D73B9B20E}
	EndGlobalSection
EndGlobal
